
Microsoft Visual Studio Solution File, Format Version 12.00
# Visual Studio Version 17
VisualStudioVersion = 17.3.32819.101
MinimumVisualStudioVersion = 10.0.40219.1
Project("{FAE04EC0-301F-11D3-BF4B-00C04F79EFBC}") = "StoredProcedure", "StoredProcedure\StoredProcedure.csproj", "{3258F65B-28E2-4F7B-8473-2B98CCD8B7EC}"
EndProject
Global
	GlobalSection(SolutionConfigurationPlatforms) = preSolution
		Debug|Any CPU = Debug|Any CPU
		Release|Any CPU = Release|Any CPU
	EndGlobalSection
	GlobalSection(ProjectConfigurationPlatforms) = postSolution
		{3258F65B-28E2-4F7B-8473-2B98CCD8B7EC}.Debug|Any CPU.ActiveCfg = Debug|Any CPU
		{3258F65B-28E2-4F7B-8473-2B98CCD8B7EC}.Debug|Any CPU.Build.0 = Debug|Any CPU
		{3258F65B-28E2-4F7B-8473-2B98CCD8B7EC}.Release|Any CPU.ActiveCfg = Release|Any CPU
		{3258F65B-28E2-4F7B-8473-2B98CCD8B7EC}.Release|Any CPU.Build.0 = Release|Any CPU
	EndGlobalSection
	GlobalSection(SolutionProperties) = preSolution
		HideSolutionNode = FALSE
	EndGlobalSection
	GlobalSection(ExtensibilityGlobals) = postSolution
		SolutionGuid = {B3129E37-9BF5-4A73-BC2A-94FF62A88A58}
	EndGlobalSection
EndGlobal
